// !$*UTF8*$!
{
	archiveVersion = 1;
	classes = {
	};
	objectVersion = 50;
	objects = {

/* Begin PBXBuildFile section */
		5637FB04250DD2C8002F6B45 /* AppDelegate.swift in Sources */ = {isa = PBXBuildFile; fileRef = 5637FB03250DD2C8002F6B45 /* AppDelegate.swift */; };
		5637FB06250DD2C8002F6B45 /* SceneDelegate.swift in Sources */ = {isa = PBXBuildFile; fileRef = 5637FB05250DD2C8002F6B45 /* SceneDelegate.swift */; };
		5637FB08250DD2C8002F6B45 /* ViewController.swift in Sources */ = {isa = PBXBuildFile; fileRef = 5637FB07250DD2C8002F6B45 /* ViewController.swift */; };
		5637FB0D250DD2CA002F6B45 /* Assets.xcassets in Resources */ = {isa = PBXBuildFile; fileRef = 5637FB0C250DD2CA002F6B45 /* Assets.xcassets */; };
		5637FB10250DD2CA002F6B45 /* LaunchScreen.storyboard in Resources */ = {isa = PBXBuildFile; fileRef = 5637FB0E250DD2CA002F6B45 /* LaunchScreen.storyboard */; };
		5637FB1B250DD2CA002F6B45 /* ContactListAppTests.swift in Sources */ = {isa = PBXBuildFile; fileRef = 5637FB1A250DD2CA002F6B45 /* ContactListAppTests.swift */; };
		5637FB26250DD2CA002F6B45 /* ContactListAppUITests.swift in Sources */ = {isa = PBXBuildFile; fileRef = 5637FB25250DD2CA002F6B45 /* ContactListAppUITests.swift */; };
		5637FB3B250DDD55002F6B45 /* LoginViewController.swift in Sources */ = {isa = PBXBuildFile; fileRef = 5637FB3A250DDD55002F6B45 /* LoginViewController.swift */; };
		5637FB3D250DDD70002F6B45 /* LoginView.swift in Sources */ = {isa = PBXBuildFile; fileRef = 5637FB3C250DDD70002F6B45 /* LoginView.swift */; };
		5637FB3F250DDD87002F6B45 /* RegisterViewController.swift in Sources */ = {isa = PBXBuildFile; fileRef = 5637FB3E250DDD87002F6B45 /* RegisterViewController.swift */; };
		5637FB41250DDD9B002F6B45 /* RegisterView.swift in Sources */ = {isa = PBXBuildFile; fileRef = 5637FB40250DDD9B002F6B45 /* RegisterView.swift */; };
		5637FB43250DDDB6002F6B45 /* ForgotPasswordView.swift in Sources */ = {isa = PBXBuildFile; fileRef = 5637FB42250DDDB6002F6B45 /* ForgotPasswordView.swift */; };
		5637FB45250DDDC9002F6B45 /* ForgotPasswordViewController.swift in Sources */ = {isa = PBXBuildFile; fileRef = 5637FB44250DDDC9002F6B45 /* ForgotPasswordViewController.swift */; };
/* End PBXBuildFile section */

/* Begin PBXContainerItemProxy section */
		5637FB17250DD2CA002F6B45 /* PBXContainerItemProxy */ = {
			isa = PBXContainerItemProxy;
			containerPortal = 5637FAF8250DD2C8002F6B45 /* Project object */;
			proxyType = 1;
			remoteGlobalIDString = 5637FAFF250DD2C8002F6B45;
			remoteInfo = ContactListApp;
		};
		5637FB22250DD2CA002F6B45 /* PBXContainerItemProxy */ = {
			isa = PBXContainerItemProxy;
			containerPortal = 5637FAF8250DD2C8002F6B45 /* Project object */;
			proxyType = 1;
			remoteGlobalIDString = 5637FAFF250DD2C8002F6B45;
			remoteInfo = ContactListApp;
		};
/* End PBXContainerItemProxy section */

/* Begin PBXFileReference section */
		5637FB00250DD2C8002F6B45 /* ContactListApp.app */ = {isa = PBXFileReference; explicitFileType = wrapper.application; includeInIndex = 0; path = ContactListApp.app; sourceTree = BUILT_PRODUCTS_DIR; };
		5637FB03250DD2C8002F6B45 /* AppDelegate.swift */ = {isa = PBXFileReference; lastKnownFileType = sourcecode.swift; path = AppDelegate.swift; sourceTree = "<group>"; };
		5637FB05250DD2C8002F6B45 /* SceneDelegate.swift */ = {isa = PBXFileReference; lastKnownFileType = sourcecode.swift; path = SceneDelegate.swift; sourceTree = "<group>"; };
		5637FB07250DD2C8002F6B45 /* ViewController.swift */ = {isa = PBXFileReference; lastKnownFileType = sourcecode.swift; path = ViewController.swift; sourceTree = "<group>"; };
		5637FB0C250DD2CA002F6B45 /* Assets.xcassets */ = {isa = PBXFileReference; lastKnownFileType = folder.assetcatalog; path = Assets.xcassets; sourceTree = "<group>"; };
		5637FB0F250DD2CA002F6B45 /* Base */ = {isa = PBXFileReference; lastKnownFileType = file.storyboard; name = Base; path = Base.lproj/LaunchScreen.storyboard; sourceTree = "<group>"; };
		5637FB11250DD2CA002F6B45 /* Info.plist */ = {isa = PBXFileReference; lastKnownFileType = text.plist.xml; path = Info.plist; sourceTree = "<group>"; };
		5637FB16250DD2CA002F6B45 /* ContactListAppTests.xctest */ = {isa = PBXFileReference; explicitFileType = wrapper.cfbundle; includeInIndex = 0; path = ContactListAppTests.xctest; sourceTree = BUILT_PRODUCTS_DIR; };
		5637FB1A250DD2CA002F6B45 /* ContactListAppTests.swift */ = {isa = PBXFileReference; lastKnownFileType = sourcecode.swift; path = ContactListAppTests.swift; sourceTree = "<group>"; };
		5637FB1C250DD2CA002F6B45 /* Info.plist */ = {isa = PBXFileReference; lastKnownFileType = text.plist.xml; path = Info.plist; sourceTree = "<group>"; };
		5637FB21250DD2CA002F6B45 /* ContactListAppUITests.xctest */ = {isa = PBXFileReference; explicitFileType = wrapper.cfbundle; includeInIndex = 0; path = ContactListAppUITests.xctest; sourceTree = BUILT_PRODUCTS_DIR; };
		5637FB25250DD2CA002F6B45 /* ContactListAppUITests.swift */ = {isa = PBXFileReference; lastKnownFileType = sourcecode.swift; path = ContactListAppUITests.swift; sourceTree = "<group>"; };
		5637FB27250DD2CA002F6B45 /* Info.plist */ = {isa = PBXFileReference; lastKnownFileType = text.plist.xml; path = Info.plist; sourceTree = "<group>"; };
		5637FB3A250DDD55002F6B45 /* LoginViewController.swift */ = {isa = PBXFileReference; lastKnownFileType = sourcecode.swift; path = LoginViewController.swift; sourceTree = "<group>"; };
		5637FB3C250DDD70002F6B45 /* LoginView.swift */ = {isa = PBXFileReference; lastKnownFileType = sourcecode.swift; path = LoginView.swift; sourceTree = "<group>"; };
		5637FB3E250DDD87002F6B45 /* RegisterViewController.swift */ = {isa = PBXFileReference; lastKnownFileType = sourcecode.swift; path = RegisterViewController.swift; sourceTree = "<group>"; };
		5637FB40250DDD9B002F6B45 /* RegisterView.swift */ = {isa = PBXFileReference; lastKnownFileType = sourcecode.swift; path = RegisterView.swift; sourceTree = "<group>"; };
		5637FB42250DDDB6002F6B45 /* ForgotPasswordView.swift */ = {isa = PBXFileReference; lastKnownFileType = sourcecode.swift; path = ForgotPasswordView.swift; sourceTree = "<group>"; };
		5637FB44250DDDC9002F6B45 /* ForgotPasswordViewController.swift */ = {isa = PBXFileReference; lastKnownFileType = sourcecode.swift; path = ForgotPasswordViewController.swift; sourceTree = "<group>"; };
/* End PBXFileReference section */

/* Begin PBXFrameworksBuildPhase section */
		5637FAFD250DD2C8002F6B45 /* Frameworks */ = {
			isa = PBXFrameworksBuildPhase;
			buildActionMask = 2147483647;
			files = (
			);
			runOnlyForDeploymentPostprocessing = 0;
		};
		5637FB13250DD2CA002F6B45 /* Frameworks */ = {
			isa = PBXFrameworksBuildPhase;
			buildActionMask = 2147483647;
			files = (
			);
			runOnlyForDeploymentPostprocessing = 0;
		};
		5637FB1E250DD2CA002F6B45 /* Frameworks */ = {
			isa = PBXFrameworksBuildPhase;
			buildActionMask = 2147483647;
			files = (
			);
			runOnlyForDeploymentPostprocessing = 0;
		};
/* End PBXFrameworksBuildPhase section */

/* Begin PBXGroup section */
		5637FAF7250DD2C8002F6B45 = {
			isa = PBXGroup;
			children = (
				5637FB02250DD2C8002F6B45 /* ContactListApp */,
				5637FB19250DD2CA002F6B45 /* ContactListAppTests */,
				5637FB24250DD2CA002F6B45 /* ContactListAppUITests */,
				5637FB01250DD2C8002F6B45 /* Products */,
			);
			sourceTree = "<group>";
		};
		5637FB01250DD2C8002F6B45 /* Products */ = {
			isa = PBXGroup;
			children = (
				5637FB00250DD2C8002F6B45 /* ContactListApp.app */,
				5637FB16250DD2CA002F6B45 /* ContactListAppTests.xctest */,
				5637FB21250DD2CA002F6B45 /* ContactListAppUITests.xctest */,
			);
			name = Products;
			sourceTree = "<group>";
		};
		5637FB02250DD2C8002F6B45 /* ContactListApp */ = {
			isa = PBXGroup;
			children = (
				5637FB33250DDAC8002F6B45 /* Features */,
				5637FB03250DD2C8002F6B45 /* AppDelegate.swift */,
				5637FB05250DD2C8002F6B45 /* SceneDelegate.swift */,
				5637FB07250DD2C8002F6B45 /* ViewController.swift */,
				5637FB0C250DD2CA002F6B45 /* Assets.xcassets */,
				5637FB0E250DD2CA002F6B45 /* LaunchScreen.storyboard */,
				5637FB11250DD2CA002F6B45 /* Info.plist */,
			);
			path = ContactListApp;
			sourceTree = "<group>";
		};
		5637FB19250DD2CA002F6B45 /* ContactListAppTests */ = {
			isa = PBXGroup;
			children = (
				5637FB1A250DD2CA002F6B45 /* ContactListAppTests.swift */,
				5637FB1C250DD2CA002F6B45 /* Info.plist */,
			);
			path = ContactListAppTests;
			sourceTree = "<group>";
		};
		5637FB24250DD2CA002F6B45 /* ContactListAppUITests */ = {
			isa = PBXGroup;
			children = (
				5637FB25250DD2CA002F6B45 /* ContactListAppUITests.swift */,
				5637FB27250DD2CA002F6B45 /* Info.plist */,
			);
			path = ContactListAppUITests;
			sourceTree = "<group>";
		};
		5637FB33250DDAC8002F6B45 /* Features */ = {
			isa = PBXGroup;
			children = (
				5637FB38250DDB53002F6B45 /* Networking */,
				5637FB34250DDAEC002F6B45 /* SignIn */,
			);
			path = Features;
			sourceTree = "<group>";
		};
		5637FB34250DDAEC002F6B45 /* SignIn */ = {
			isa = PBXGroup;
			children = (
				5637FB37250DDB2D002F6B45 /* ForgotPassword */,
				5637FB36250DDB1B002F6B45 /* Login */,
				5637FB35250DDB14002F6B45 /* Register */,
			);
			path = SignIn;
			sourceTree = "<group>";
		};
		5637FB35250DDB14002F6B45 /* Register */ = {
			isa = PBXGroup;
			children = (
				5637FB3E250DDD87002F6B45 /* RegisterViewController.swift */,
				5637FB40250DDD9B002F6B45 /* RegisterView.swift */,
			);
			path = Register;
			sourceTree = "<group>";
		};
		5637FB36250DDB1B002F6B45 /* Login */ = {
			isa = PBXGroup;
			children = (
				5637FB3A250DDD55002F6B45 /* LoginViewController.swift */,
				5637FB3C250DDD70002F6B45 /* LoginView.swift */,
			);
			path = Login;
			sourceTree = "<group>";
		};
		5637FB37250DDB2D002F6B45 /* ForgotPassword */ = {
			isa = PBXGroup;
			children = (
				5637FB42250DDDB6002F6B45 /* ForgotPasswordView.swift */,
				5637FB44250DDDC9002F6B45 /* ForgotPasswordViewController.swift */,
			);
			path = ForgotPassword;
			sourceTree = "<group>";
		};
		5637FB38250DDB53002F6B45 /* Networking */ = {
			isa = PBXGroup;
			children = (
				5637FB39250DDBBF002F6B45 /* Manager */,
			);
			path = Networking;
			sourceTree = "<group>";
		};
		5637FB39250DDBBF002F6B45 /* Manager */ = {
			isa = PBXGroup;
			children = (
			);
			path = Manager;
			sourceTree = "<group>";
		};
/* End PBXGroup section */

/* Begin PBXNativeTarget section */
		5637FAFF250DD2C8002F6B45 /* ContactListApp */ = {
			isa = PBXNativeTarget;
			buildConfigurationList = 5637FB2A250DD2CA002F6B45 /* Build configuration list for PBXNativeTarget "ContactListApp" */;
			buildPhases = (
				5637FAFC250DD2C8002F6B45 /* Sources */,
				5637FAFD250DD2C8002F6B45 /* Frameworks */,
				5637FAFE250DD2C8002F6B45 /* Resources */,
			);
			buildRules = (
			);
			dependencies = (
			);
			name = ContactListApp;
			productName = ContactListApp;
			productReference = 5637FB00250DD2C8002F6B45 /* ContactListApp.app */;
			productType = "com.apple.product-type.application";
		};
		5637FB15250DD2CA002F6B45 /* ContactListAppTests */ = {
			isa = PBXNativeTarget;
			buildConfigurationList = 5637FB2D250DD2CA002F6B45 /* Build configuration list for PBXNativeTarget "ContactListAppTests" */;
			buildPhases = (
				5637FB12250DD2CA002F6B45 /* Sources */,
				5637FB13250DD2CA002F6B45 /* Frameworks */,
				5637FB14250DD2CA002F6B45 /* Resources */,
			);
			buildRules = (
			);
			dependencies = (
				5637FB18250DD2CA002F6B45 /* PBXTargetDependency */,
			);
			name = ContactListAppTests;
			productName = ContactListAppTests;
			productReference = 5637FB16250DD2CA002F6B45 /* ContactListAppTests.xctest */;
			productType = "com.apple.product-type.bundle.unit-test";
		};
		5637FB20250DD2CA002F6B45 /* ContactListAppUITests */ = {
			isa = PBXNativeTarget;
			buildConfigurationList = 5637FB30250DD2CA002F6B45 /* Build configuration list for PBXNativeTarget "ContactListAppUITests" */;
			buildPhases = (
				5637FB1D250DD2CA002F6B45 /* Sources */,
				5637FB1E250DD2CA002F6B45 /* Frameworks */,
				5637FB1F250DD2CA002F6B45 /* Resources */,
			);
			buildRules = (
			);
			dependencies = (
				5637FB23250DD2CA002F6B45 /* PBXTargetDependency */,
			);
			name = ContactListAppUITests;
			productName = ContactListAppUITests;
			productReference = 5637FB21250DD2CA002F6B45 /* ContactListAppUITests.xctest */;
			productType = "com.apple.product-type.bundle.ui-testing";
		};
/* End PBXNativeTarget section */

/* Begin PBXProject section */
		5637FAF8250DD2C8002F6B45 /* Project object */ = {
			isa = PBXProject;
			attributes = {
				LastSwiftUpdateCheck = 1160;
				LastUpgradeCheck = 1160;
				ORGANIZATIONNAME = Gerardo;
				TargetAttributes = {
					5637FAFF250DD2C8002F6B45 = {
						CreatedOnToolsVersion = 11.6;
					};
					5637FB15250DD2CA002F6B45 = {
						CreatedOnToolsVersion = 11.6;
						TestTargetID = 5637FAFF250DD2C8002F6B45;
					};
					5637FB20250DD2CA002F6B45 = {
						CreatedOnToolsVersion = 11.6;
						TestTargetID = 5637FAFF250DD2C8002F6B45;
					};
				};
			};
			buildConfigurationList = 5637FAFB250DD2C8002F6B45 /* Build configuration list for PBXProject "ContactListApp" */;
			compatibilityVersion = "Xcode 9.3";
			developmentRegion = en;
			hasScannedForEncodings = 0;
			knownRegions = (
				en,
				Base,
			);
			mainGroup = 5637FAF7250DD2C8002F6B45;
			productRefGroup = 5637FB01250DD2C8002F6B45 /* Products */;
			projectDirPath = "";
			projectRoot = "";
			targets = (
				5637FAFF250DD2C8002F6B45 /* ContactListApp */,
				5637FB15250DD2CA002F6B45 /* ContactListAppTests */,
				5637FB20250DD2CA002F6B45 /* ContactListAppUITests */,
			);
		};
/* End PBXProject section */

/* Begin PBXResourcesBuildPhase section */
		5637FAFE250DD2C8002F6B45 /* Resources */ = {
			isa = PBXResourcesBuildPhase;
			buildActionMask = 2147483647;
			files = (
				5637FB10250DD2CA002F6B45 /* LaunchScreen.storyboard in Resources */,
				5637FB0D250DD2CA002F6B45 /* Assets.xcassets in Resources */,
			);
			runOnlyForDeploymentPostprocessing = 0;
		};
		5637FB14250DD2CA002F6B45 /* Resources */ = {
			isa = PBXResourcesBuildPhase;
			buildActionMask = 2147483647;
			files = (
			);
			runOnlyForDeploymentPostprocessing = 0;
		};
		5637FB1F250DD2CA002F6B45 /* Resources */ = {
			isa = PBXResourcesBuildPhase;
			buildActionMask = 2147483647;
			files = (
			);
			runOnlyForDeploymentPostprocessing = 0;
		};
/* End PBXResourcesBuildPhase section */

/* Begin PBXSourcesBuildPhase section */
		5637FAFC250DD2C8002F6B45 /* Sources */ = {
			isa = PBXSourcesBuildPhase;
			buildActionMask = 2147483647;
			files = (
				5637FB3B250DDD55002F6B45 /* LoginViewController.swift in Sources */,
				5637FB08250DD2C8002F6B45 /* ViewController.swift in Sources */,
				5637FB43250DDDB6002F6B45 /* ForgotPasswordView.swift in Sources */,
				5637FB04250DD2C8002F6B45 /* AppDelegate.swift in Sources */,
				5637FB41250DDD9B002F6B45 /* RegisterView.swift in Sources */,
				5637FB45250DDDC9002F6B45 /* ForgotPasswordViewController.swift in Sources */,
				5637FB3F250DDD87002F6B45 /* RegisterViewController.swift in Sources */,
				5637FB3D250DDD70002F6B45 /* LoginView.swift in Sources */,
				5637FB06250DD2C8002F6B45 /* SceneDelegate.swift in Sources */,
			);
			runOnlyForDeploymentPostprocessing = 0;
		};
		5637FB12250DD2CA002F6B45 /* Sources */ = {
			isa = PBXSourcesBuildPhase;
			buildActionMask = 2147483647;
			files = (
				5637FB1B250DD2CA002F6B45 /* ContactListAppTests.swift in Sources */,
			);
			runOnlyForDeploymentPostprocessing = 0;
		};
		5637FB1D250DD2CA002F6B45 /* Sources */ = {
			isa = PBXSourcesBuildPhase;
			buildActionMask = 2147483647;
			files = (
				5637FB26250DD2CA002F6B45 /* ContactListAppUITests.swift in Sources */,
			);
			runOnlyForDeploymentPostprocessing = 0;
		};
/* End PBXSourcesBuildPhase section */

/* Begin PBXTargetDependency section */
		5637FB18250DD2CA002F6B45 /* PBXTargetDependency */ = {
			isa = PBXTargetDependency;
			target = 5637FAFF250DD2C8002F6B45 /* ContactListApp */;
			targetProxy = 5637FB17250DD2CA002F6B45 /* PBXContainerItemProxy */;
		};
		5637FB23250DD2CA002F6B45 /* PBXTargetDependency */ = {
			isa = PBXTargetDependency;
			target = 5637FAFF250DD2C8002F6B45 /* ContactListApp */;
			targetProxy = 5637FB22250DD2CA002F6B45 /* PBXContainerItemProxy */;
		};
/* End PBXTargetDependency section */

/* Begin PBXVariantGroup section */
		5637FB0E250DD2CA002F6B45 /* LaunchScreen.storyboard */ = {
			isa = PBXVariantGroup;
			children = (
				5637FB0F250DD2CA002F6B45 /* Base */,
			);
			name = LaunchScreen.storyboard;
			sourceTree = "<group>";
		};
/* End PBXVariantGroup section */

/* Begin XCBuildConfiguration section */
		5637FB28250DD2CA002F6B45 /* Debug */ = {
			isa = XCBuildConfiguration;
			buildSettings = {
				ALWAYS_SEARCH_USER_PATHS = NO;
				CLANG_ANALYZER_NONNULL = YES;
				CLANG_ANALYZER_NUMBER_OBJECT_CONVERSION = YES_AGGRESSIVE;
				CLANG_CXX_LANGUAGE_STANDARD = "gnu++14";
				CLANG_CXX_LIBRARY = "libc++";
				CLANG_ENABLE_MODULES = YES;
				CLANG_ENABLE_OBJC_ARC = YES;
				CLANG_ENABLE_OBJC_WEAK = YES;
				CLANG_WARN_BLOCK_CAPTURE_AUTORELEASING = YES;
				CLANG_WARN_BOOL_CONVERSION = YES;
				CLANG_WARN_COMMA = YES;
				CLANG_WARN_CONSTANT_CONVERSION = YES;
				CLANG_WARN_DEPRECATED_OBJC_IMPLEMENTATIONS = YES;
				CLANG_WARN_DIRECT_OBJC_ISA_USAGE = YES_ERROR;
				CLANG_WARN_DOCUMENTATION_COMMENTS = YES;
				CLANG_WARN_EMPTY_BODY = YES;
				CLANG_WARN_ENUM_CONVERSION = YES;
				CLANG_WARN_INFINITE_RECURSION = YES;
				CLANG_WARN_INT_CONVERSION = YES;
				CLANG_WARN_NON_LITERAL_NULL_CONVERSION = YES;
				CLANG_WARN_OBJC_IMPLICIT_RETAIN_SELF = YES;
				CLANG_WARN_OBJC_LITERAL_CONVERSION = YES;
				CLANG_WARN_OBJC_ROOT_CLASS = YES_ERROR;
				CLANG_WARN_RANGE_LOOP_ANALYSIS = YES;
				CLANG_WARN_STRICT_PROTOTYPES = YES;
				CLANG_WARN_SUSPICIOUS_MOVE = YES;
				CLANG_WARN_UNGUARDED_AVAILABILITY = YES_AGGRESSIVE;
				CLANG_WARN_UNREACHABLE_CODE = YES;
				CLANG_WARN__DUPLICATE_METHOD_MATCH = YES;
				COPY_PHASE_STRIP = NO;
				DEBUG_INFORMATION_FORMAT = dwarf;
				ENABLE_STRICT_OBJC_MSGSEND = YES;
				ENABLE_TESTABILITY = YES;
				GCC_C_LANGUAGE_STANDARD = gnu11;
				GCC_DYNAMIC_NO_PIC = NO;
				GCC_NO_COMMON_BLOCKS = YES;
				GCC_OPTIMIZATION_LEVEL = 0;
				GCC_PREPROCESSOR_DEFINITIONS = (
					"DEBUG=1",
					"$(inherited)",
				);
				GCC_WARN_64_TO_32_BIT_CONVERSION = YES;
				GCC_WARN_ABOUT_RETURN_TYPE = YES_ERROR;
				GCC_WARN_UNDECLARED_SELECTOR = YES;
				GCC_WARN_UNINITIALIZED_AUTOS = YES_AGGRESSIVE;
				GCC_WARN_UNUSED_FUNCTION = YES;
				GCC_WARN_UNUSED_VARIABLE = YES;
				IPHONEOS_DEPLOYMENT_TARGET = 13.6;
				MTL_ENABLE_DEBUG_INFO = INCLUDE_SOURCE;
				MTL_FAST_MATH = YES;
				ONLY_ACTIVE_ARCH = YES;
				SDKROOT = iphoneos;
				SWIFT_ACTIVE_COMPILATION_CONDITIONS = DEBUG;
				SWIFT_OPTIMIZATION_LEVEL = "-Onone";
			};
			name = Debug;
		};
		5637FB29250DD2CA002F6B45 /* Release */ = {
			isa = XCBuildConfiguration;
			buildSettings = {
				ALWAYS_SEARCH_USER_PATHS = NO;
				CLANG_ANALYZER_NONNULL = YES;
				CLANG_ANALYZER_NUMBER_OBJECT_CONVERSION = YES_AGGRESSIVE;
				CLANG_CXX_LANGUAGE_STANDARD = "gnu++14";
				CLANG_CXX_LIBRARY = "libc++";
				CLANG_ENABLE_MODULES = YES;
				CLANG_ENABLE_OBJC_ARC = YES;
				CLANG_ENABLE_OBJC_WEAK = YES;
				CLANG_WARN_BLOCK_CAPTURE_AUTORELEASING = YES;
				CLANG_WARN_BOOL_CONVERSION = YES;
				CLANG_WARN_COMMA = YES;
				CLANG_WARN_CONSTANT_CONVERSION = YES;
				CLANG_WARN_DEPRECATED_OBJC_IMPLEMENTATIONS = YES;
				CLANG_WARN_DIRECT_OBJC_ISA_USAGE = YES_ERROR;
				CLANG_WARN_DOCUMENTATION_COMMENTS = YES;
				CLANG_WARN_EMPTY_BODY = YES;
				CLANG_WARN_ENUM_CONVERSION = YES;
				CLANG_WARN_INFINITE_RECURSION = YES;
				CLANG_WARN_INT_CONVERSION = YES;
				CLANG_WARN_NON_LITERAL_NULL_CONVERSION = YES;
				CLANG_WARN_OBJC_IMPLICIT_RETAIN_SELF = YES;
				CLANG_WARN_OBJC_LITERAL_CONVERSION = YES;
				CLANG_WARN_OBJC_ROOT_CLASS = YES_ERROR;
				CLANG_WARN_RANGE_LOOP_ANALYSIS = YES;
				CLANG_WARN_STRICT_PROTOTYPES = YES;
				CLANG_WARN_SUSPICIOUS_MOVE = YES;
				CLANG_WARN_UNGUARDED_AVAILABILITY = YES_AGGRESSIVE;
				CLANG_WARN_UNREACHABLE_CODE = YES;
				CLANG_WARN__DUPLICATE_METHOD_MATCH = YES;
				COPY_PHASE_STRIP = NO;
				DEBUG_INFORMATION_FORMAT = "dwarf-with-dsym";
				ENABLE_NS_ASSERTIONS = NO;
				ENABLE_STRICT_OBJC_MSGSEND = YES;
				GCC_C_LANGUAGE_STANDARD = gnu11;
				GCC_NO_COMMON_BLOCKS = YES;
				GCC_WARN_64_TO_32_BIT_CONVERSION = YES;
				GCC_WARN_ABOUT_RETURN_TYPE = YES_ERROR;
				GCC_WARN_UNDECLARED_SELECTOR = YES;
				GCC_WARN_UNINITIALIZED_AUTOS = YES_AGGRESSIVE;
				GCC_WARN_UNUSED_FUNCTION = YES;
				GCC_WARN_UNUSED_VARIABLE = YES;
				IPHONEOS_DEPLOYMENT_TARGET = 13.6;
				MTL_ENABLE_DEBUG_INFO = NO;
				MTL_FAST_MATH = YES;
				SDKROOT = iphoneos;
				SWIFT_COMPILATION_MODE = wholemodule;
				SWIFT_OPTIMIZATION_LEVEL = "-O";
				VALIDATE_PRODUCT = YES;
			};
			name = Release;
		};
		5637FB2B250DD2CA002F6B45 /* Debug */ = {
			isa = XCBuildConfiguration;
			buildSettings = {
				ASSETCATALOG_COMPILER_APPICON_NAME = AppIcon;
				CODE_SIGN_STYLE = Automatic;
				DEVELOPMENT_TEAM = 83RYA2F5M9;
				INFOPLIST_FILE = ContactListApp/Info.plist;
				LD_RUNPATH_SEARCH_PATHS = (
					"$(inherited)",
					"@executable_path/Frameworks",
				);
				PRODUCT_BUNDLE_IDENTIFIER = como.ExamenDeProgramacion.ContactListApp;
				PRODUCT_NAME = "$(TARGET_NAME)";
				SWIFT_VERSION = 5.0;
				TARGETED_DEVICE_FAMILY = "1,2";
			};
			name = Debug;
		};
		5637FB2C250DD2CA002F6B45 /* Release */ = {
			isa = XCBuildConfiguration;
			buildSettings = {
				ASSETCATALOG_COMPILER_APPICON_NAME = AppIcon;
				CODE_SIGN_STYLE = Automatic;
				DEVELOPMENT_TEAM = 83RYA2F5M9;
				INFOPLIST_FILE = ContactListApp/Info.plist;
				LD_RUNPATH_SEARCH_PATHS = (
					"$(inherited)",
					"@executable_path/Frameworks",
				);
				PRODUCT_BUNDLE_IDENTIFIER = como.ExamenDeProgramacion.ContactListApp;
				PRODUCT_NAME = "$(TARGET_NAME)";
				SWIFT_VERSION = 5.0;
				TARGETED_DEVICE_FAMILY = "1,2";
			};
			name = Release;
		};
		5637FB2E250DD2CA002F6B45 /* Debug */ = {
			isa = XCBuildConfiguration;
			buildSettings = {
				ALWAYS_EMBED_SWIFT_STANDARD_LIBRARIES = YES;
				BUNDLE_LOADER = "$(TEST_HOST)";
				CODE_SIGN_STYLE = Automatic;
				DEVELOPMENT_TEAM = 83RYA2F5M9;
				INFOPLIST_FILE = ContactListAppTests/Info.plist;
				IPHONEOS_DEPLOYMENT_TARGET = 13.6;
				LD_RUNPATH_SEARCH_PATHS = (
					"$(inherited)",
					"@executable_path/Frameworks",
					"@loader_path/Frameworks",
				);
				PRODUCT_BUNDLE_IDENTIFIER = como.ExamenDeProgramacion.ContactListAppTests;
				PRODUCT_NAME = "$(TARGET_NAME)";
				SWIFT_VERSION = 5.0;
				TARGETED_DEVICE_FAMILY = "1,2";
				TEST_HOST = "$(BUILT_PRODUCTS_DIR)/ContactListApp.app/ContactListApp";
			};
			name = Debug;
		};
		5637FB2F250DD2CA002F6B45 /* Release */ = {
			isa = XCBuildConfiguration;
			buildSettings = {
				ALWAYS_EMBED_SWIFT_STANDARD_LIBRARIES = YES;
				BUNDLE_LOADER = "$(TEST_HOST)";
				CODE_SIGN_STYLE = Automatic;
				DEVELOPMENT_TEAM = 83RYA2F5M9;
				INFOPLIST_FILE = ContactListAppTests/Info.plist;
				IPHONEOS_DEPLOYMENT_TARGET = 13.6;
				LD_RUNPATH_SEARCH_PATHS = (
					"$(inherited)",
					"@executable_path/Frameworks",
					"@loader_path/Frameworks",
				);
				PRODUCT_BUNDLE_IDENTIFIER = como.ExamenDeProgramacion.ContactListAppTests;
				PRODUCT_NAME = "$(TARGET_NAME)";
				SWIFT_VERSION = 5.0;
				TARGETED_DEVICE_FAMILY = "1,2";
				TEST_HOST = "$(BUILT_PRODUCTS_DIR)/ContactListApp.app/ContactListApp";
			};
			name = Release;
		};
		5637FB31250DD2CA002F6B45 /* Debug */ = {
			isa = XCBuildConfiguration;
			buildSettings = {
				ALWAYS_EMBED_SWIFT_STANDARD_LIBRARIES = YES;
				CODE_SIGN_STYLE = Automatic;
				DEVELOPMENT_TEAM = 83RYA2F5M9;
				INFOPLIST_FILE = ContactListAppUITests/Info.plist;
				LD_RUNPATH_SEARCH_PATHS = (
					"$(inherited)",
					"@executable_path/Frameworks",
					"@loader_path/Frameworks",
				);
				PRODUCT_BUNDLE_IDENTIFIER = como.ExamenDeProgramacion.ContactListAppUITests;
				PRODUCT_NAME = "$(TARGET_NAME)";
				SWIFT_VERSION = 5.0;
				TARGETED_DEVICE_FAMILY = "1,2";
				TEST_TARGET_NAME = ContactListApp;
			};
			name = Debug;
		};
		5637FB32250DD2CA002F6B45 /* Release */ = {
			isa = XCBuildConfiguration;
			buildSettings = {
				ALWAYS_EMBED_SWIFT_STANDARD_LIBRARIES = YES;
				CODE_SIGN_STYLE = Automatic;
				DEVELOPMENT_TEAM = 83RYA2F5M9;
				INFOPLIST_FILE = ContactListAppUITests/Info.plist;
				LD_RUNPATH_SEARCH_PATHS = (
					"$(inherited)",
					"@executable_path/Frameworks",
					"@loader_path/Frameworks",
				);
				PRODUCT_BUNDLE_IDENTIFIER = como.ExamenDeProgramacion.ContactListAppUITests;
				PRODUCT_NAME = "$(TARGET_NAME)";
				SWIFT_VERSION = 5.0;
				TARGETED_DEVICE_FAMILY = "1,2";
				TEST_TARGET_NAME = ContactListApp;
			};
			name = Release;
		};
/* End XCBuildConfiguration section */

/* Begin XCConfigurationList section */
		5637FAFB250DD2C8002F6B45 /* Build configuration list for PBXProject "ContactListApp" */ = {
			isa = XCConfigurationList;
			buildConfigurations = (
				5637FB28250DD2CA002F6B45 /* Debug */,
				5637FB29250DD2CA002F6B45 /* Release */,
			);
			defaultConfigurationIsVisible = 0;
			defaultConfigurationName = Release;
		};
		5637FB2A250DD2CA002F6B45 /* Build configuration list for PBXNativeTarget "ContactListApp" */ = {
			isa = XCConfigurationList;
			buildConfigurations = (
				5637FB2B250DD2CA002F6B45 /* Debug */,
				5637FB2C250DD2CA002F6B45 /* Release */,
			);
			defaultConfigurationIsVisible = 0;
			defaultConfigurationName = Release;
		};
		5637FB2D250DD2CA002F6B45 /* Build configuration list for PBXNativeTarget "ContactListAppTests" */ = {
			isa = XCConfigurationList;
			buildConfigurations = (
				5637FB2E250DD2CA002F6B45 /* Debug */,
				5637FB2F250DD2CA002F6B45 /* Release */,
			);
			defaultConfigurationIsVisible = 0;
			defaultConfigurationName = Release;
		};
		5637FB30250DD2CA002F6B45 /* Build configuration list for PBXNativeTarget "ContactListAppUITests" */ = {
			isa = XCConfigurationList;
			buildConfigurations = (
				5637FB31250DD2CA002F6B45 /* Debug */,
				5637FB32250DD2CA002F6B45 /* Release */,
			);
			defaultConfigurationIsVisible = 0;
			defaultConfigurationName = Release;
		};
/* End XCConfigurationList section */
	};
	rootObject = 5637FAF8250DD2C8002F6B45 /* Project object */;
}
